
Microsoft Visual Studio Solution File, Format Version 12.00
# Visual Studio Version 16
VisualStudioVersion = 16.0.31424.327
MinimumVisualStudioVersion = 10.0.40219.1
Project("{FAE04EC0-301F-11D3-BF4B-00C04F79EFBC}") = "GroomingSalonRegistrationApp", "GroomingSalonRegistrationApp\GroomingSalonRegistrationApp.csproj", "{BC895B0E-248C-4418-A42F-EF4D890F34E5}"
EndProject
Global
	GlobalSection(SolutionConfigurationPlatforms) = preSolution
		Debug|Any CPU = Debug|Any CPU
		Release|Any CPU = Release|Any CPU
	EndGlobalSection
	GlobalSection(ProjectConfigurationPlatforms) = postSolution
		{BC895B0E-248C-4418-A42F-EF4D890F34E5}.Debug|Any CPU.ActiveCfg = Debug|Any CPU
		{BC895B0E-248C-4418-A42F-EF4D890F34E5}.Debug|Any CPU.Build.0 = Debug|Any CPU
		{BC895B0E-248C-4418-A42F-EF4D890F34E5}.Release|Any CPU.ActiveCfg = Release|Any CPU
		{BC895B0E-248C-4418-A42F-EF4D890F34E5}.Release|Any CPU.Build.0 = Release|Any CPU
	EndGlobalSection
	GlobalSection(SolutionProperties) = preSolution
		HideSolutionNode = FALSE
	EndGlobalSection
	GlobalSection(ExtensibilityGlobals) = postSolution
		SolutionGuid = {9D2BD183-7961-45DF-A21F-6707DBCF064E}
	EndGlobalSection
EndGlobal
